
Microsoft Visual Studio Solution File, Format Version 12.00
# Visual Studio 15
VisualStudioVersion = 15.0.27428.2015
MinimumVisualStudioVersion = 10.0.40219.1
Project("{8BC9CEB8-8B4A-11D0-8D11-00A0C91BC942}") = "Laba 9 average1", "Laba 9 average1\Laba 9 average1.vcxproj", "{9456994A-7526-4298-BC2B-6AF4687BD941}"
EndProject
Global
	GlobalSection(SolutionConfigurationPlatforms) = preSolution
		Debug|x64 = Debug|x64
		Debug|x86 = Debug|x86
		Release|x64 = Release|x64
		Release|x86 = Release|x86
	EndGlobalSection
	GlobalSection(ProjectConfigurationPlatforms) = postSolution
		{9456994A-7526-4298-BC2B-6AF4687BD941}.Debug|x64.ActiveCfg = Debug|x64
		{9456994A-7526-4298-BC2B-6AF4687BD941}.Debug|x64.Build.0 = Debug|x64
		{9456994A-7526-4298-BC2B-6AF4687BD941}.Debug|x86.ActiveCfg = Debug|Win32
		{9456994A-7526-4298-BC2B-6AF4687BD941}.Debug|x86.Build.0 = Debug|Win32
		{9456994A-7526-4298-BC2B-6AF4687BD941}.Release|x64.ActiveCfg = Release|x64
		{9456994A-7526-4298-BC2B-6AF4687BD941}.Release|x64.Build.0 = Release|x64
		{9456994A-7526-4298-BC2B-6AF4687BD941}.Release|x86.ActiveCfg = Release|Win32
		{9456994A-7526-4298-BC2B-6AF4687BD941}.Release|x86.Build.0 = Release|Win32
	EndGlobalSection
	GlobalSection(SolutionProperties) = preSolution
		HideSolutionNode = FALSE
	EndGlobalSection
	GlobalSection(ExtensibilityGlobals) = postSolution
		SolutionGuid = {E3BD981A-5B1F-4E28-81D9-7AE3A23C9BB2}
	EndGlobalSection
EndGlobal
